
Microsoft Visual Studio Solution File, Format Version 12.00
# Visual Studio Version 17
VisualStudioVersion = 17.5.002.0
MinimumVisualStudioVersion = 10.0.40219.1
Project("{9A19103F-16F7-4668-BE54-9A1E7A4F7556}") = "fibonacci", "fibonacci.csproj", "{8784F296-367F-4CE9-AB7A-213A27B6D49B}"
EndProject
Global
	GlobalSection(SolutionConfigurationPlatforms) = preSolution
		Debug|Any CPU = Debug|Any CPU
		Release|Any CPU = Release|Any CPU
	EndGlobalSection
	GlobalSection(ProjectConfigurationPlatforms) = postSolution
		{8784F296-367F-4CE9-AB7A-213A27B6D49B}.Debug|Any CPU.ActiveCfg = Debug|Any CPU
		{8784F296-367F-4CE9-AB7A-213A27B6D49B}.Debug|Any CPU.Build.0 = Debug|Any CPU
		{8784F296-367F-4CE9-AB7A-213A27B6D49B}.Release|Any CPU.ActiveCfg = Release|Any CPU
		{8784F296-367F-4CE9-AB7A-213A27B6D49B}.Release|Any CPU.Build.0 = Release|Any CPU
	EndGlobalSection
	GlobalSection(SolutionProperties) = preSolution
		HideSolutionNode = FALSE
	EndGlobalSection
	GlobalSection(ExtensibilityGlobals) = postSolution
		SolutionGuid = {2019FCFE-D018-4716-A997-94DD3A687B33}
	EndGlobalSection
EndGlobal
